
Microsoft Visual Studio Solution File, Format Version 12.00
# Visual Studio Version 17
VisualStudioVersion = 17.7.34202.233
MinimumVisualStudioVersion = 10.0.40219.1
Project("{9A19103F-16F7-4668-BE54-9A1E7A4F7556}") = "Lab2WebAPI", "Lab2WebAPI\Lab2WebAPI.csproj", "{CFAB3C69-8EE2-455A-B649-AF1668A4206D}"
EndProject
Project("{9A19103F-16F7-4668-BE54-9A1E7A4F7556}") = "Model", "Model\Model.csproj", "{B8532547-AA09-4A93-AB52-F6DCD63EA375}"
EndProject
Project("{9A19103F-16F7-4668-BE54-9A1E7A4F7556}") = "DAL", "DAL\DAL.csproj", "{9454FCA9-81BE-4972-BB37-DB3BA0293567}"
EndProject
Project("{9A19103F-16F7-4668-BE54-9A1E7A4F7556}") = "BLL", "BLL\BLL.csproj", "{626AB57A-CBE0-4D56-BE42-D6AC5398F271}"
EndProject
Project("{9A19103F-16F7-4668-BE54-9A1E7A4F7556}") = "BLL_EF", "BLL_EF\BLL_EF.csproj", "{64781EC7-3E78-4F11-B95E-297F20D8B3FC}"
EndProject
Project("{9A19103F-16F7-4668-BE54-9A1E7A4F7556}") = "BLL_DB", "BLL_DB\BLL_DB.csproj", "{13EC05A1-F6E1-4D9F-8A7C-5325105BED45}"
EndProject
Project("{2150E333-8FDC-42A3-9474-1A3956D46DE8}") = "Docs", "Docs", "{3F9FCD36-FFC1-4554-A935-84132C5FF74D}"
	ProjectSection(SolutionItems) = preProject
		Docs\erd.png = Docs\erd.png
		Docs\Sprawozdanie ćwiczenia 1-6.docx = Docs\Sprawozdanie ćwiczenia 1-6.docx
	EndProjectSection
EndProject
Global
	GlobalSection(SolutionConfigurationPlatforms) = preSolution
		Debug|Any CPU = Debug|Any CPU
		Release|Any CPU = Release|Any CPU
	EndGlobalSection
	GlobalSection(ProjectConfigurationPlatforms) = postSolution
		{CFAB3C69-8EE2-455A-B649-AF1668A4206D}.Debug|Any CPU.ActiveCfg = Debug|Any CPU
		{CFAB3C69-8EE2-455A-B649-AF1668A4206D}.Debug|Any CPU.Build.0 = Debug|Any CPU
		{CFAB3C69-8EE2-455A-B649-AF1668A4206D}.Release|Any CPU.ActiveCfg = Release|Any CPU
		{CFAB3C69-8EE2-455A-B649-AF1668A4206D}.Release|Any CPU.Build.0 = Release|Any CPU
		{B8532547-AA09-4A93-AB52-F6DCD63EA375}.Debug|Any CPU.ActiveCfg = Debug|Any CPU
		{B8532547-AA09-4A93-AB52-F6DCD63EA375}.Debug|Any CPU.Build.0 = Debug|Any CPU
		{B8532547-AA09-4A93-AB52-F6DCD63EA375}.Release|Any CPU.ActiveCfg = Release|Any CPU
		{B8532547-AA09-4A93-AB52-F6DCD63EA375}.Release|Any CPU.Build.0 = Release|Any CPU
		{9454FCA9-81BE-4972-BB37-DB3BA0293567}.Debug|Any CPU.ActiveCfg = Debug|Any CPU
		{9454FCA9-81BE-4972-BB37-DB3BA0293567}.Debug|Any CPU.Build.0 = Debug|Any CPU
		{9454FCA9-81BE-4972-BB37-DB3BA0293567}.Release|Any CPU.ActiveCfg = Release|Any CPU
		{9454FCA9-81BE-4972-BB37-DB3BA0293567}.Release|Any CPU.Build.0 = Release|Any CPU
		{626AB57A-CBE0-4D56-BE42-D6AC5398F271}.Debug|Any CPU.ActiveCfg = Debug|Any CPU
		{626AB57A-CBE0-4D56-BE42-D6AC5398F271}.Debug|Any CPU.Build.0 = Debug|Any CPU
		{626AB57A-CBE0-4D56-BE42-D6AC5398F271}.Release|Any CPU.ActiveCfg = Release|Any CPU
		{626AB57A-CBE0-4D56-BE42-D6AC5398F271}.Release|Any CPU.Build.0 = Release|Any CPU
		{64781EC7-3E78-4F11-B95E-297F20D8B3FC}.Debug|Any CPU.ActiveCfg = Debug|Any CPU
		{64781EC7-3E78-4F11-B95E-297F20D8B3FC}.Debug|Any CPU.Build.0 = Debug|Any CPU
		{64781EC7-3E78-4F11-B95E-297F20D8B3FC}.Release|Any CPU.ActiveCfg = Release|Any CPU
		{64781EC7-3E78-4F11-B95E-297F20D8B3FC}.Release|Any CPU.Build.0 = Release|Any CPU
		{13EC05A1-F6E1-4D9F-8A7C-5325105BED45}.Debug|Any CPU.ActiveCfg = Debug|Any CPU
		{13EC05A1-F6E1-4D9F-8A7C-5325105BED45}.Debug|Any CPU.Build.0 = Debug|Any CPU
		{13EC05A1-F6E1-4D9F-8A7C-5325105BED45}.Release|Any CPU.ActiveCfg = Release|Any CPU
		{13EC05A1-F6E1-4D9F-8A7C-5325105BED45}.Release|Any CPU.Build.0 = Release|Any CPU
	EndGlobalSection
	GlobalSection(SolutionProperties) = preSolution
		HideSolutionNode = FALSE
	EndGlobalSection
	GlobalSection(ExtensibilityGlobals) = postSolution
		SolutionGuid = {ED8D6706-5980-4E0A-A3E0-6ABC94A5B4DE}
	EndGlobalSection
EndGlobal
